
Microsoft Visual Studio Solution File, Format Version 12.00
# Visual Studio Version 17
VisualStudioVersion = 17.14.36518.9
MinimumVisualStudioVersion = 10.0.40219.1
Project("{FAE04EC0-301F-11D3-BF4B-00C04F79EFBC}") = "Exercicio1", "Exercicio1.csproj", "{11C03B4C-4E6A-4EFE-8501-B54CDC3EEAA8}"
EndProject
Project("{FAE04EC0-301F-11D3-BF4B-00C04F79EFBC}") = "Exercicio2", "..\Exercicio2\Exercicio2.csproj", "{0E9CE6CA-F9C7-4D35-A62F-E1A5381CFA7F}"
EndProject
Project("{FAE04EC0-301F-11D3-BF4B-00C04F79EFBC}") = "Exercicio3", "..\Exercicio3\Exercicio3.csproj", "{CF1F9022-E6A0-42C7-B3B8-9316F1C1958A}"
EndProject
Project("{FAE04EC0-301F-11D3-BF4B-00C04F79EFBC}") = "Exercicio4", "..\Exercicio4\Exercicio4.csproj", "{901F3C59-11D0-4BCD-AF41-C886811CADD4}"
EndProject
Global
	GlobalSection(SolutionConfigurationPlatforms) = preSolution
		Debug|Any CPU = Debug|Any CPU
		Release|Any CPU = Release|Any CPU
	EndGlobalSection
	GlobalSection(ProjectConfigurationPlatforms) = postSolution
		{11C03B4C-4E6A-4EFE-8501-B54CDC3EEAA8}.Debug|Any CPU.ActiveCfg = Debug|Any CPU
		{11C03B4C-4E6A-4EFE-8501-B54CDC3EEAA8}.Debug|Any CPU.Build.0 = Debug|Any CPU
		{11C03B4C-4E6A-4EFE-8501-B54CDC3EEAA8}.Release|Any CPU.ActiveCfg = Release|Any CPU
		{11C03B4C-4E6A-4EFE-8501-B54CDC3EEAA8}.Release|Any CPU.Build.0 = Release|Any CPU
		{0E9CE6CA-F9C7-4D35-A62F-E1A5381CFA7F}.Debug|Any CPU.ActiveCfg = Debug|Any CPU
		{0E9CE6CA-F9C7-4D35-A62F-E1A5381CFA7F}.Debug|Any CPU.Build.0 = Debug|Any CPU
		{0E9CE6CA-F9C7-4D35-A62F-E1A5381CFA7F}.Release|Any CPU.ActiveCfg = Release|Any CPU
		{0E9CE6CA-F9C7-4D35-A62F-E1A5381CFA7F}.Release|Any CPU.Build.0 = Release|Any CPU
		{CF1F9022-E6A0-42C7-B3B8-9316F1C1958A}.Debug|Any CPU.ActiveCfg = Debug|Any CPU
		{CF1F9022-E6A0-42C7-B3B8-9316F1C1958A}.Debug|Any CPU.Build.0 = Debug|Any CPU
		{CF1F9022-E6A0-42C7-B3B8-9316F1C1958A}.Release|Any CPU.ActiveCfg = Release|Any CPU
		{CF1F9022-E6A0-42C7-B3B8-9316F1C1958A}.Release|Any CPU.Build.0 = Release|Any CPU
		{901F3C59-11D0-4BCD-AF41-C886811CADD4}.Debug|Any CPU.ActiveCfg = Debug|Any CPU
		{901F3C59-11D0-4BCD-AF41-C886811CADD4}.Debug|Any CPU.Build.0 = Debug|Any CPU
		{901F3C59-11D0-4BCD-AF41-C886811CADD4}.Release|Any CPU.ActiveCfg = Release|Any CPU
		{901F3C59-11D0-4BCD-AF41-C886811CADD4}.Release|Any CPU.Build.0 = Release|Any CPU
	EndGlobalSection
	GlobalSection(SolutionProperties) = preSolution
		HideSolutionNode = FALSE
	EndGlobalSection
	GlobalSection(ExtensibilityGlobals) = postSolution
		SolutionGuid = {FC3BF3B1-F553-4FC4-9A62-75A581B61F22}
	EndGlobalSection
EndGlobal
